%{
  "ash": {:hex, :ash, "3.33.6", "3a186bdd47b1ffa0e7f16030813e7b4d4dce6f8af266541286f03d43df761f55", [:mix], [{:crux, ">= 0.1.2 and < 1.0.0-0", [hex: :crux, repo: "hexpm", optional: false]}, {:decimal, "~> 2.0 or ~> 3.0", [hex: :decimal, repo: "hexpm", optional: false]}, {:ecto, "~> 3.14", [hex: :ecto, repo: "hexpm", optional: false]}, {:ets, "~> 0.8", [hex: :ets, repo: "hexpm", optional: false]}, {:igniter, ">= 0.6.29 and < 1.0.0-0", [hex: :igniter, repo: "hexpm", optional: true]}, {:jason, ">= 1.0.0", [hex: :jason, repo: "hexpm", optional: false]}, {:picosat_elixir, "~> 0.2", [hex: :picosat_elixir, repo: "hexpm", optional: true]}, {:plug, ">= 0.0.0", [hex: :plug, repo: "hexpm", optional: true]}, {:reactor, "~> 1.0", [hex: :reactor, repo: "hexpm", optional: false]}, {:simple_sat, ">= 0.1.1 and < 1.0.0-0", [hex: :simple_sat, repo: "hexpm", optional: true]}, {:spark, ">= 2.6.0", [hex: :spark, repo: "hexpm", optional: false]}, {:splode, "~> 0.3", [hex: :splode, repo: "hexpm", optional: false]}, {:stream_data, "~> 1.0", [hex: :stream_data, repo: "hexpm", optional: false]}, {:telemetry, "~> 1.1", [hex: :telemetry, repo: "hexpm", optional: false]}], "hexpm", "059c83eefadbc70f411a2e962c1b60feedb698aff6549f366e974d64838e2435"},
  "ash_postgres": {:hex, :ash_postgres, "2.13.1", "4fb5d7d0ddb1c45c4a608e4c798b68516489b05be25ec513a666ccb148e22dae", [:mix], [{:ash, "~> 3.32", [hex: :ash, repo: "hexpm", optional: false]}, {:ash_sql, "~> 0.7", [hex: :ash_sql, repo: "hexpm", optional: false]}, {:ecto, "~> 3.13", [hex: :ecto, repo: "hexpm", optional: false]}, {:ecto_sql, "~> 3.13", [hex: :ecto_sql, repo: "hexpm", optional: false]}, {:igniter, ">= 0.6.29 and < 1.0.0-0", [hex: :igniter, repo: "hexpm", optional: true]}, {:jason, "~> 1.0", [hex: :jason, repo: "hexpm", optional: false]}, {:postgrex, ">= 0.0.0", [hex: :postgrex, repo: "hexpm", optional: false]}, {:spark, ">= 2.3.4 and < 3.0.0-0", [hex: :spark, repo: "hexpm", optional: false]}], "hexpm", "90f8ba572b261e4977898b1e7f32272d98564cad48fcf63de144cbb9ba152d57"},
  "ash_sql": {:hex, :ash_sql, "0.7.3", "ed5c79ad56461f73861c33db3cce1b0c4eec3ab1538e2d1588a30c49d1d30945", [:mix], [{:ash, "~> 3.33", [hex: :ash, repo: "hexpm", optional: false]}, {:ecto, ">= 3.13.4 and < 4.0.0-0", [hex: :ecto, repo: "hexpm", optional: false]}, {:ecto_sql, "~> 3.9", [hex: :ecto_sql, repo: "hexpm", optional: false]}], "hexpm", "6089ccb6a70a379c7b3b9a54ccfb0659cb213e4d355bdc643f68fe7e9a72321d"},
  "crontab": {:hex, :crontab, "1.2.0", "503611820257939d5d0fd272eb2b454f48a470435a809479ddc2c40bb515495c", [:mix], [{:ecto, "~> 1.0 or ~> 2.0 or ~> 3.0", [hex: :ecto, repo: "hexpm", optional: true]}], "hexpm", "ebd7ef4d831e1b20fa4700f0de0284a04cac4347e813337978e25b4cc5cc2207"},
  "crux": {:hex, :crux, "0.1.4", "1fa21f5ca886d3498f83871a3ef19379b80abf8cfcf2ed32007e80279e714f1e", [:mix], [{:picosat_elixir, "~> 0.2", [hex: :picosat_elixir, repo: "hexpm", optional: true]}, {:simple_sat, ">= 0.1.1 and < 1.0.0-0", [hex: :simple_sat, repo: "hexpm", optional: true]}, {:stream_data, "~> 1.0", [hex: :stream_data, repo: "hexpm", optional: true]}], "hexpm", "ff7d880cf732d82360aa81e439b8d4831cd30768061c9233f90c97e10162b9c0"},
  "db_connection": {:hex, :db_connection, "2.10.2", "ae391e803a5adff104da913c2fc1c0c14a37f8b10001dcef568796e1fb7bf95c", [:mix], [{:telemetry, "~> 0.4 or ~> 1.0", [hex: :telemetry, repo: "hexpm", optional: false]}], "hexpm", "510b14482330f1af6490a2fa0efd8d4f1435d1529b165647df22ac0f2df0fa93"},
  "decimal": {:hex, :decimal, "3.1.1", "430d87b04011ce6cbd4fd205be758311a81f87d552d40904abd00f015935b1d0", [:mix], [], "hexpm", "c5f25f2ced74a0587d03e6023f595db8e924c9d3922c8c8ffd9edfc4498cf1f6"},
  "ecto": {:hex, :ecto, "3.14.2", "99db28a864293a789c970651de711e3cae184291e0e7ea1166c54055ac41c1f3", [:mix], [{:decimal, "~> 3.0", [hex: :decimal, repo: "hexpm", optional: false]}, {:jason, "~> 1.0", [hex: :jason, repo: "hexpm", optional: true]}, {:telemetry, "~> 0.4 or ~> 1.0", [hex: :telemetry, repo: "hexpm", optional: false]}], "hexpm", "25d60b8c816a07d19d85b80bdf60978bd8b102209dda198d768cd7c6745339a6"},
  "ecto_sql": {:hex, :ecto_sql, "3.14.0", "06446ab8410d2f85bfbb80857ee224ab3b693700cbb38f6535d507449a627b2e", [:mix], [{:db_connection, "~> 2.9", [hex: :db_connection, repo: "hexpm", optional: false]}, {:decimal, "~> 3.0", [hex: :decimal, repo: "hexpm", optional: false]}, {:ecto, "~> 3.14.0", [hex: :ecto, repo: "hexpm", optional: false]}, {:myxql, "~> 0.8", [hex: :myxql, repo: "hexpm", optional: true]}, {:postgrex, "~> 0.19 or ~> 1.0", [hex: :postgrex, repo: "hexpm", optional: true]}, {:tds, "~> 2.1.1 or ~> 2.2", [hex: :tds, repo: "hexpm", optional: true]}, {:telemetry, "~> 0.4.0 or ~> 1.0", [hex: :telemetry, repo: "hexpm", optional: false]}], "hexpm", "f4d8d36faf294c9417b5a37ec7ac8217ee2abdef5fcf197ba690f361548d3949"},
  "elixir_make": {:hex, :elixir_make, "0.10.0", "16577e2583a79bb79237bbff349619ef5d80afffc07eac6e4faf0d00e2ddaf7d", [:mix], [], "hexpm", "dc1f09fb7fa68866b886abd5f0f3c83553b1a19a52359a899e92af1bb3b31982"},
  "ets": {:hex, :ets, "0.9.0", "79c6a6c205436780486f72d84230c6cba2f8a9920456750ddd1e47389107d5fd", [:mix], [], "hexpm", "2861fdfb04bcaeff370f1a5904eec864f0a56dcfebe5921ea9aadf2a481c822b"},
  "flow": {:hex, :flow, "1.2.4", "1dd58918287eb286656008777cb32714b5123d3855956f29aa141ebae456922d", [:mix], [{:gen_stage, "~> 1.0", [hex: :gen_stage, repo: "hexpm", optional: false]}], "hexpm", "874adde96368e71870f3510b91e35bc31652291858c86c0e75359cbdd35eb211"},
  "fuse": {:hex, :fuse, "2.5.0", "71afa90be21da4e64f94abba9d36472faa2d799c67fedc3bd1752a88ea4c4753", [:rebar3], [], "hexpm", "7f52a1c84571731ad3c91d569e03131cc220ebaa7e2a11034405f0bac46a4fef"},
  "gen_stage": {:hex, :gen_stage, "1.3.2", "7c77e5d1e97de2c6c2f78f306f463bca64bf2f4c3cdd606affc0100b89743b7b", [:mix], [], "hexpm", "0ffae547fa777b3ed889a6b9e1e64566217413d018cabd825f786e843ffe63e7"},
  "iterex": {:hex, :iterex, "0.1.2", "58f9b9b9a22a55cbfc7b5234a9c9c63eaac26d276b3db80936c0e1c60355a5a6", [:mix], [], "hexpm", "2e103b8bcc81757a9af121f6dc0df312c9a17220f302b1193ef720460d03029d"},
  "jason": {:hex, :jason, "1.4.5", "2e3a008590b0b8d7388c20293e9dcc9cf3e5d642fd2a114e4cbbb52e595d940a", [:mix], [{:decimal, "~> 1.0 or ~> 2.0 or ~> 3.0", [hex: :decimal, repo: "hexpm", optional: true]}], "hexpm", "b0c823996102bcd0239b3c2444eb00409b72f6a140c1950bc8b457d836b30684"},
  "jido": {:hex, :jido, "3.0.0-beta.1", "07f678ca69fb4af60efd3bbabbc6d37a5d137bf9eefe50d07f2761101c547aec", [:mix], [{:bedrock, "~> 0.7.2", [hex: :bedrock, repo: "hexpm", optional: true]}, {:bedrock_raft, "~> 0.10.0", [hex: :bedrock_raft, repo: "hexpm", optional: true]}, {:ecto_sql, "~> 3.14", [hex: :ecto_sql, repo: "hexpm", optional: true]}, {:jido_action, "~> 3.0.0-beta.11", [hex: :jido_action, repo: "hexpm", optional: false]}, {:jido_signal, "~> 3.0.0-beta.4", [hex: :jido_signal, repo: "hexpm", optional: false]}, {:opentelemetry_api, "~> 1.0", [hex: :opentelemetry_api, repo: "hexpm", optional: true]}, {:sched_ex, "~> 1.2.1", [hex: :sched_ex, repo: "hexpm", optional: false]}, {:spark, "~> 2.7", [hex: :spark, repo: "hexpm", optional: false]}, {:splode, "~> 0.3.0", [hex: :splode, repo: "hexpm", optional: false]}, {:telemetry, "~> 1.3", [hex: :telemetry, repo: "hexpm", optional: false]}, {:telemetry_metrics, "~> 1.2", [hex: :telemetry_metrics, repo: "hexpm", optional: false]}], "hexpm", "417653dc7f81ae4a84c7f6ce398ffab9825d35f8b07ff110e614c80db28d7394"},
  "jido_action": {:hex, :jido_action, "3.0.0-beta.11", "7e6a9a291f4d300162bb9c40a5881794b03551546a62773db9c90dbf46741025", [:mix], [{:runic, "0.1.0-alpha.10", [hex: :runic, repo: "hexpm", optional: false]}, {:spark, "~> 2.7", [hex: :spark, repo: "hexpm", optional: false]}, {:splode, "~> 0.3.0", [hex: :splode, repo: "hexpm", optional: false]}, {:telemetry, "~> 1.3", [hex: :telemetry, repo: "hexpm", optional: false]}, {:zoi, "~> 0.17", [hex: :zoi, repo: "hexpm", optional: false]}], "hexpm", "97c60e158f81713d792c7631ed567673919f1a7d0f9024685863f9ac3fb71818"},
  "jido_signal": {:hex, :jido_signal, "3.0.0-beta.4", "d916deccd7395685cc1b09e0d3760a914ba8d54d54a0e20d07914594812b07ba", [:mix], [{:jason, "~> 1.4", [hex: :jason, repo: "hexpm", optional: false]}, {:phoenix_pubsub, "~> 2.1", [hex: :phoenix_pubsub, repo: "hexpm", optional: true]}, {:splode, "~> 0.3.0", [hex: :splode, repo: "hexpm", optional: false]}, {:telemetry, "~> 1.3", [hex: :telemetry, repo: "hexpm", optional: false]}, {:zoi, "~> 0.18.1", [hex: :zoi, repo: "hexpm", optional: false]}], "hexpm", "284d4f199b22b358906598ebfba734d37ea8a9404baed47939b94b50d837a05b"},
  "multigraph": {:hex, :multigraph, "0.16.1-mg.5", "5118665ea3e2eede7244104ccc716b7c517bba44e33c26fb84d7297d77872646", [:mix], [], "hexpm", "d7e3511f1d29e96ed7e7cd01b92bb52eea487b6c61da838f1e61a2ec6838799d"},
  "nimble_options": {:hex, :nimble_options, "1.1.1", "e3a492d54d85fc3fd7c5baf411d9d2852922f66e69476317787a7b2bb000a61b", [:mix], [], "hexpm", "821b2470ca9442c4b6984882fe9bb0389371b8ddec4d45a9504f00a66f650b44"},
  "nimble_parsec": {:hex, :nimble_parsec, "1.4.2", "8efba0122db06df95bfaa78f791344a89352ba04baedd3849593bfce4d0dc1c6", [:mix], [], "hexpm", "4b21398942dda052b403bbe1da991ccd03a053668d147d53fb8c4e0efe09c973"},
  "picosat_elixir": {:hex, :picosat_elixir, "0.2.3", "bf326d0f179fbb3b706bb2c15fbc367dacfa2517157d090fdfc32edae004c597", [:make, :mix], [{:elixir_make, "~> 0.6", [hex: :elixir_make, repo: "hexpm", optional: false]}], "hexpm", "f76c9db2dec9d2561ffaa9be35f65403d53e984e8cd99c832383b7ab78c16c66"},
  "poolboy": {:hex, :poolboy, "1.5.2", "392b007a1693a64540cead79830443abf5762f5d30cf50bc95cb2c1aaafa006b", [:rebar3], [], "hexpm", "dad79704ce5440f3d5a3681c8590b9dc25d1a561e8f5a9c995281012860901e3"},
  "postgrex": {:hex, :postgrex, "0.22.4", "d271f595dfd25230b6398354e19d17bb5e2d20130fd2d9bdca7e15f125d43552", [:mix], [{:db_connection, "~> 2.9", [hex: :db_connection, repo: "hexpm", optional: false]}, {:decimal, "~> 1.5 or ~> 2.0 or ~> 3.0", [hex: :decimal, repo: "hexpm", optional: false]}, {:jason, "~> 1.0", [hex: :jason, repo: "hexpm", optional: true]}, {:table, "~> 0.1.0", [hex: :table, repo: "hexpm", optional: true]}], "hexpm", "4aae45a2d60e35b04eea2602440be152fae332901f1fc7a60fc7cb7f0f9a9c5a"},
  "reactor": {:hex, :reactor, "1.0.7", "804bd237609df9162d7c61f68c6243722ef3ea2f9c48e693a04b7f09cf99e4d6", [:mix], [{:igniter, "~> 0.4", [hex: :igniter, repo: "hexpm", optional: true]}, {:iterex, "~> 0.1", [hex: :iterex, repo: "hexpm", optional: false]}, {:jason, "~> 1.0", [hex: :jason, repo: "hexpm", optional: false]}, {:multigraph, "~> 0.16.1-mg.2", [hex: :multigraph, repo: "hexpm", optional: false]}, {:spark, ">= 2.3.3 and < 3.0.0-0", [hex: :spark, repo: "hexpm", optional: false]}, {:splode, "~> 0.2", [hex: :splode, repo: "hexpm", optional: false]}, {:telemetry, "~> 1.2", [hex: :telemetry, repo: "hexpm", optional: false]}, {:yaml_elixir, "~> 2.11", [hex: :yaml_elixir, repo: "hexpm", optional: false]}, {:ymlr, "~> 5.0", [hex: :ymlr, repo: "hexpm", optional: false]}], "hexpm", "d5eddbdcdf1016d76d713c927741f6db21421271cea015b0d355d6b1097206a4"},
  "runic": {:hex, :runic, "0.1.0-alpha.10", "f984736a4e1e98ead8412639134e76cc41d37395036968a51248d3bb29fa1536", [:mix], [{:flow, "~> 1.2", [hex: :flow, repo: "hexpm", optional: false]}, {:gen_stage, "~> 1.2", [hex: :gen_stage, repo: "hexpm", optional: false]}, {:multigraph, "~> 0.16.1-mg.4", [hex: :multigraph, repo: "hexpm", optional: false]}, {:telemetry, "~> 1.0", [hex: :telemetry, repo: "hexpm", optional: false]}, {:uniq, "~> 0.6.1", [hex: :uniq, repo: "hexpm", optional: false]}], "hexpm", "b6ea006f7b2eb0147e992ea4ad425e80712cee06313678d786d322c2d495bfde"},
  "sched_ex": {:hex, :sched_ex, "1.2.1", "5db2205c3185e7618ccd2c2b2bc3f35893d81daf16f5ea7f8bf9cb4af54773e9", [:mix], [{:crontab, "~> 1.1", [hex: :crontab, repo: "hexpm", optional: false]}], "hexpm", "0b49025f5515c58e78e625ffa391e5278b621cdd0e041cb0f1aad0bd462852cf"},
  "sourceror": {:hex, :sourceror, "1.12.3", "f58eebef0765c7a369a49a755ab2a5ee88d92777f403ea5a08b722cefcc37f51", [:mix], [], "hexpm", "d5f2f37099de794840f08c54ae546d7f6e4ea015e397be64aebe4996fa9f7da7"},
  "spark": {:hex, :spark, "2.7.3", "006c41968d557f4c82ebad5dad29656d604ff59a0f8e705a75f0cc70b76c8e7c", [:mix], [{:igniter, ">= 0.3.64 and < 1.0.0-0", [hex: :igniter, repo: "hexpm", optional: true]}, {:jason, "~> 1.4", [hex: :jason, repo: "hexpm", optional: true]}, {:sourceror, "~> 1.2", [hex: :sourceror, repo: "hexpm", optional: true]}], "hexpm", "ffced2f13ee13695f3a7284e5ae03724adb0014bd4b65b2cf40ee48a878d5d05"},
  "splode": {:hex, :splode, "0.3.2", "7716b6b2260a98a6f018c65cc0393da2cdf17314202eb351a0956e8762190dff", [:mix], [], "hexpm", "08fd658f80da7f1cd254b149164dcff8acd44b22f032001d5416b97223d32bc9"},
  "stream_data": {:hex, :stream_data, "1.4.0", "026f929db613aabea6208012ae9b8970d3fd5f88b3bdf26831bc536f98c42036", [:mix], [], "hexpm", "2b0ee3a340dcce1c8cf6302a763ee757d1e01c54d6e16d9069062509d68b1dc9"},
  "telemetry": {:hex, :telemetry, "1.4.2", "a0cb522801dffb1c49fe6e30561badffc7b6d0e180db1300df759faa22062855", [:rebar3], [], "hexpm", "928f6495066506077862c0d1646609eed891a4326bee3126ba54b60af61febb1"},
  "telemetry_metrics": {:hex, :telemetry_metrics, "1.2.0", "7632c19c01d88d8aaca5da1a0e8912f5af39b79e7c08a2c253aeb3c14c2c957e", [:mix], [{:telemetry, "~> 0.4 or ~> 1.0", [hex: :telemetry, repo: "hexpm", optional: false]}], "hexpm", "71dde12fc29b58b9c77ec17ec319109e5ca848d010fc1965ed4463bba1837c07"},
  "time_zone_info": {:hex, :time_zone_info, "0.7.15", "0a20991d6dd728dab4e281f128cf99a312330eeb9313524d8d9ff117743bf0f4", [:mix], [{:castore, "~> 1.0", [hex: :castore, repo: "hexpm", optional: true]}, {:mint, "~> 1.0", [hex: :mint, repo: "hexpm", optional: true]}, {:nimble_parsec, "~> 1.3", [hex: :nimble_parsec, repo: "hexpm", optional: false]}], "hexpm", "c62f0a98e4ffd3e39848a429123681e55c79d1782396c0d2dd35fe27ce648b3c"},
  "uniq": {:hex, :uniq, "0.6.3", "68acff834cce1817b52928ef346662735c5413a4fec9c3b0d4a9126de5b2b489", [:mix], [{:ecto, "~> 3.0", [hex: :ecto, repo: "hexpm", optional: true]}], "hexpm", "2b2a900d0a20f3a55d3de0bc8150495e4a71255734dfb23889991bda5aca6c7d"},
  "yamerl": {:hex, :yamerl, "0.10.0", "4ff81fee2f1f6a46f1700c0d880b24d193ddb74bd14ef42cb0bcf46e81ef2f8e", [:rebar3], [], "hexpm", "346adb2963f1051dc837a2364e4acf6eb7d80097c0f53cbdc3046ec8ec4b4e6e"},
  "yaml_elixir": {:hex, :yaml_elixir, "2.12.2", "9dd1330fb4cd9a36a7b0f502e5b12486eff632792ee4a5f0eba52a4d4ec32c9c", [:mix], [{:yamerl, "~> 0.10", [hex: :yamerl, repo: "hexpm", optional: false]}], "hexpm", "e7c1b10122f973e6558462d51c39026ba0e14afbc6745318e990ea82cfe9e159"},
  "ymlr": {:hex, :ymlr, "5.1.6", "247479328fd5ea1e222ee59ecd5571ab2885cf1a6329aea458d4944cd035cfc1", [:mix], [], "hexpm", "b36d7c72384d2cb2094d2a3c8b0c3b12303e0ccd1b7b12333b81d75b1fe0b53a"},
  "zoi": {:hex, :zoi, "0.18.7", "0d6b09d19fd1feff4340b7c5660bab04fbc80c1642ee1e5c75f06d527ac326db", [:mix], [{:decimal, "~> 2.0 or ~> 3.0", [hex: :decimal, repo: "hexpm", optional: true]}, {:phoenix_html, "~> 2.14.2 or ~> 3.0 or ~> 4.1", [hex: :phoenix_html, repo: "hexpm", optional: true]}], "hexpm", "5fedddd755dec84a5e78b3671070a5e595026aa3479f7fa566a42b8c4e4e5ff2"},
}
